
Microsoft Visual Studio Solution File, Format Version 12.00
# Visual Studio Version 16
VisualStudioVersion = 16.0.29230.47
MinimumVisualStudioVersion = 10.0.40219.1
Project("{FAE04EC0-301F-11D3-BF4B-00C04F79EFBC}") = "UitgavesApp", "UitgavesApp\UitgavesApp.csproj", "{F2FB73D6-B67B-434E-A14C-3D4606CB0C1A}"
EndProject
Global
	GlobalSection(SolutionConfigurationPlatforms) = preSolution
		Debug|Any CPU = Debug|Any CPU
		Release|Any CPU = Release|Any CPU
	EndGlobalSection
	GlobalSection(ProjectConfigurationPlatforms) = postSolution
		{F2FB73D6-B67B-434E-A14C-3D4606CB0C1A}.Debug|Any CPU.ActiveCfg = Debug|Any CPU
		{F2FB73D6-B67B-434E-A14C-3D4606CB0C1A}.Debug|Any CPU.Build.0 = Debug|Any CPU
		{F2FB73D6-B67B-434E-A14C-3D4606CB0C1A}.Release|Any CPU.ActiveCfg = Release|Any CPU
		{F2FB73D6-B67B-434E-A14C-3D4606CB0C1A}.Release|Any CPU.Build.0 = Release|Any CPU
	EndGlobalSection
	GlobalSection(SolutionProperties) = preSolution
		HideSolutionNode = FALSE
	EndGlobalSection
	GlobalSection(ExtensibilityGlobals) = postSolution
		SolutionGuid = {8B88D887-3B1E-45FC-9BE0-1E01466BCCFF}
	EndGlobalSection
EndGlobal
